// !$*UTF8*$!
{
	archiveVersion = 1;
	classes = {
	};
	objectVersion = 56;
	objects = {

/* Begin PBXBuildFile section */
		BD57FEB92A7B300300E4C124 /* ScienceAmbassador.swift in Sources */ = {isa = PBXBuildFile; fileRef = BD57FEB82A7B300300E4C124 /* ScienceAmbassador.swift */; };
		BD650E0B2A7B0DA300F7C9C5 /* Internships.swift in Sources */ = {isa = PBXBuildFile; fileRef = BD650E0A2A7B0DA300F7C9C5 /* Internships.swift */; };
		BD650E0D2A7B1E5100F7C9C5 /* Programs.swift in Sources */ = {isa = PBXBuildFile; fileRef = BD650E0C2A7B1E5100F7C9C5 /* Programs.swift */; };
		BDD213DC2A7ADDB4000B2427 /* Scholarship.swift in Sources */ = {isa = PBXBuildFile; fileRef = BDD213DB2A7ADDB4000B2427 /* Scholarship.swift */; };
		BDD217C12A7B00EB0010DBD8 /* MainPage.swift in Sources */ = {isa = PBXBuildFile; fileRef = BDD217C02A7B00EB0010DBD8 /* MainPage.swift */; };
		EC7FEE0D2A7C3E7200357576 /* logIn.swift in Sources */ = {isa = PBXBuildFile; fileRef = EC7FEE0C2A7C3E7200357576 /* logIn.swift */; };
		EC7FEE0F2A7C3E9C00357576 /* forgotPw.swift in Sources */ = {isa = PBXBuildFile; fileRef = EC7FEE0E2A7C3E9C00357576 /* forgotPw.swift */; };
		EC7FEE112A7C3EBB00357576 /* signUp.swift in Sources */ = {isa = PBXBuildFile; fileRef = EC7FEE102A7C3EBB00357576 /* signUp.swift */; };
		EC7FEE132A7C3FF000357576 /* motivation.swift in Sources */ = {isa = PBXBuildFile; fileRef = EC7FEE122A7C3FF000357576 /* motivation.swift */; };
		ECD7B8852A7ADAB600568841 /* program_pursuitApp.swift in Sources */ = {isa = PBXBuildFile; fileRef = ECD7B8842A7ADAB600568841 /* program_pursuitApp.swift */; };
		ECD7B8872A7ADAB600568841 /* ContentView.swift in Sources */ = {isa = PBXBuildFile; fileRef = ECD7B8862A7ADAB600568841 /* ContentView.swift */; };
		ECD7B8892A7ADAB700568841 /* Assets.xcassets in Resources */ = {isa = PBXBuildFile; fileRef = ECD7B8882A7ADAB700568841 /* Assets.xcassets */; };
		ECD7B88C2A7ADAB700568841 /* Preview Assets.xcassets in Resources */ = {isa = PBXBuildFile; fileRef = ECD7B88B2A7ADAB700568841 /* Preview Assets.xcassets */; };
		ECD7B88E2A7ADAB700568841 /* Persistence.swift in Sources */ = {isa = PBXBuildFile; fileRef = ECD7B88D2A7ADAB700568841 /* Persistence.swift */; };
		ECD7B8912A7ADAB700568841 /* program_pursuit.xcdatamodeld in Sources */ = {isa = PBXBuildFile; fileRef = ECD7B88F2A7ADAB700568841 /* program_pursuit.xcdatamodeld */; };
/* End PBXBuildFile section */

/* Begin PBXFileReference section */
		BD57FEB82A7B300300E4C124 /* ScienceAmbassador.swift */ = {isa = PBXFileReference; lastKnownFileType = sourcecode.swift; path = ScienceAmbassador.swift; sourceTree = "<group>"; };
		BD650E0A2A7B0DA300F7C9C5 /* Internships.swift */ = {isa = PBXFileReference; lastKnownFileType = sourcecode.swift; path = Internships.swift; sourceTree = "<group>"; };
		BD650E0C2A7B1E5100F7C9C5 /* Programs.swift */ = {isa = PBXFileReference; lastKnownFileType = sourcecode.swift; path = Programs.swift; sourceTree = "<group>"; };
		BDD213DB2A7ADDB4000B2427 /* Scholarship.swift */ = {isa = PBXFileReference; lastKnownFileType = sourcecode.swift; path = Scholarship.swift; sourceTree = "<group>"; };
		BDD217C02A7B00EB0010DBD8 /* MainPage.swift */ = {isa = PBXFileReference; lastKnownFileType = sourcecode.swift; path = MainPage.swift; sourceTree = "<group>"; };
		EC7FEE0C2A7C3E7200357576 /* logIn.swift */ = {isa = PBXFileReference; lastKnownFileType = sourcecode.swift; path = logIn.swift; sourceTree = "<group>"; };
		EC7FEE0E2A7C3E9C00357576 /* forgotPw.swift */ = {isa = PBXFileReference; lastKnownFileType = sourcecode.swift; path = forgotPw.swift; sourceTree = "<group>"; };
		EC7FEE102A7C3EBB00357576 /* signUp.swift */ = {isa = PBXFileReference; lastKnownFileType = sourcecode.swift; path = signUp.swift; sourceTree = "<group>"; };
		EC7FEE122A7C3FF000357576 /* motivation.swift */ = {isa = PBXFileReference; lastKnownFileType = sourcecode.swift; path = motivation.swift; sourceTree = "<group>"; };
		ECD7B8812A7ADAB600568841 /* program-pursuit.app */ = {isa = PBXFileReference; explicitFileType = wrapper.application; includeInIndex = 0; path = "program-pursuit.app"; sourceTree = BUILT_PRODUCTS_DIR; };
		ECD7B8842A7ADAB600568841 /* program_pursuitApp.swift */ = {isa = PBXFileReference; lastKnownFileType = sourcecode.swift; path = program_pursuitApp.swift; sourceTree = "<group>"; };
		ECD7B8862A7ADAB600568841 /* ContentView.swift */ = {isa = PBXFileReference; lastKnownFileType = sourcecode.swift; path = ContentView.swift; sourceTree = "<group>"; };
		ECD7B8882A7ADAB700568841 /* Assets.xcassets */ = {isa = PBXFileReference; lastKnownFileType = folder.assetcatalog; path = Assets.xcassets; sourceTree = "<group>"; };
		ECD7B88B2A7ADAB700568841 /* Preview Assets.xcassets */ = {isa = PBXFileReference; lastKnownFileType = folder.assetcatalog; path = "Preview Assets.xcassets"; sourceTree = "<group>"; };
		ECD7B88D2A7ADAB700568841 /* Persistence.swift */ = {isa = PBXFileReference; lastKnownFileType = sourcecode.swift; path = Persistence.swift; sourceTree = "<group>"; };
		ECD7B8902A7ADAB700568841 /* program_pursuit.xcdatamodel */ = {isa = PBXFileReference; lastKnownFileType = wrapper.xcdatamodel; path = program_pursuit.xcdatamodel; sourceTree = "<group>"; };
/* End PBXFileReference section */

/* Begin PBXFrameworksBuildPhase section */
		ECD7B87E2A7ADAB600568841 /* Frameworks */ = {
			isa = PBXFrameworksBuildPhase;
			buildActionMask = 2147483647;
			files = (
			);
			runOnlyForDeploymentPostprocessing = 0;
		};
/* End PBXFrameworksBuildPhase section */

/* Begin PBXGroup section */
		ECD7B8782A7ADAB600568841 = {
			isa = PBXGroup;
			children = (
				ECD7B8832A7ADAB600568841 /* program-pursuit */,
				ECD7B8822A7ADAB600568841 /* Products */,
			);
			sourceTree = "<group>";
		};
		ECD7B8822A7ADAB600568841 /* Products */ = {
			isa = PBXGroup;
			children = (
				ECD7B8812A7ADAB600568841 /* program-pursuit.app */,
			);
			name = Products;
			sourceTree = "<group>";
		};
		ECD7B8832A7ADAB600568841 /* program-pursuit */ = {
			isa = PBXGroup;
			children = (
				ECD7B8842A7ADAB600568841 /* program_pursuitApp.swift */,
				EC7FEE0C2A7C3E7200357576 /* logIn.swift */,
				EC7FEE0E2A7C3E9C00357576 /* forgotPw.swift */,
				EC7FEE102A7C3EBB00357576 /* signUp.swift */,
				ECD7B8862A7ADAB600568841 /* ContentView.swift */,
				BDD217C02A7B00EB0010DBD8 /* MainPage.swift */,
				EC7FEE122A7C3FF000357576 /* motivation.swift */,
				BDD213DB2A7ADDB4000B2427 /* Scholarship.swift */,
				BD57FEB82A7B300300E4C124 /* ScienceAmbassador.swift */,
				BD650E0A2A7B0DA300F7C9C5 /* Internships.swift */,
				BD650E0C2A7B1E5100F7C9C5 /* Programs.swift */,
				ECD7B8882A7ADAB700568841 /* Assets.xcassets */,
				ECD7B88D2A7ADAB700568841 /* Persistence.swift */,
				ECD7B88F2A7ADAB700568841 /* program_pursuit.xcdatamodeld */,
				ECD7B88A2A7ADAB700568841 /* Preview Content */,
			);
			path = "program-pursuit";
			sourceTree = "<group>";
		};
		ECD7B88A2A7ADAB700568841 /* Preview Content */ = {
			isa = PBXGroup;
			children = (
				ECD7B88B2A7ADAB700568841 /* Preview Assets.xcassets */,
			);
			path = "Preview Content";
			sourceTree = "<group>";
		};
/* End PBXGroup section */

/* Begin PBXNativeTarget section */
		ECD7B8802A7ADAB600568841 /* program-pursuit */ = {
			isa = PBXNativeTarget;
			buildConfigurationList = ECD7B8942A7ADAB700568841 /* Build configuration list for PBXNativeTarget "program-pursuit" */;
			buildPhases = (
				ECD7B87D2A7ADAB600568841 /* Sources */,
				ECD7B87E2A7ADAB600568841 /* Frameworks */,
				ECD7B87F2A7ADAB600568841 /* Resources */,
			);
			buildRules = (
			);
			dependencies = (
			);
			name = "program-pursuit";
			productName = "program-pursuit";
			productReference = ECD7B8812A7ADAB600568841 /* program-pursuit.app */;
			productType = "com.apple.product-type.application";
		};
/* End PBXNativeTarget section */

/* Begin PBXProject section */
		ECD7B8792A7ADAB600568841 /* Project object */ = {
			isa = PBXProject;
			attributes = {
				BuildIndependentTargetsInParallel = 1;
				LastSwiftUpdateCheck = 1430;
				LastUpgradeCheck = 1430;
				TargetAttributes = {
					ECD7B8802A7ADAB600568841 = {
						CreatedOnToolsVersion = 14.3.1;
					};
				};
			};
			buildConfigurationList = ECD7B87C2A7ADAB600568841 /* Build configuration list for PBXProject "program-pursuit" */;
			compatibilityVersion = "Xcode 14.0";
			developmentRegion = en;
			hasScannedForEncodings = 0;
			knownRegions = (
				en,
				Base,
			);
			mainGroup = ECD7B8782A7ADAB600568841;
			productRefGroup = ECD7B8822A7ADAB600568841 /* Products */;
			projectDirPath = "";
			projectRoot = "";
			targets = (
				ECD7B8802A7ADAB600568841 /* program-pursuit */,
			);
		};
/* End PBXProject section */

/* Begin PBXResourcesBuildPhase section */
		ECD7B87F2A7ADAB600568841 /* Resources */ = {
			isa = PBXResourcesBuildPhase;
			buildActionMask = 2147483647;
			files = (
				ECD7B88C2A7ADAB700568841 /* Preview Assets.xcassets in Resources */,
				ECD7B8892A7ADAB700568841 /* Assets.xcassets in Resources */,
			);
			runOnlyForDeploymentPostprocessing = 0;
		};
/* End PBXResourcesBuildPhase section */

/* Begin PBXSourcesBuildPhase section */
		ECD7B87D2A7ADAB600568841 /* Sources */ = {
			isa = PBXSourcesBuildPhase;
			buildActionMask = 2147483647;
			files = (
				EC7FEE0F2A7C3E9C00357576 /* forgotPw.swift in Sources */,
				ECD7B88E2A7ADAB700568841 /* Persistence.swift in Sources */,
				BDD213DC2A7ADDB4000B2427 /* Scholarship.swift in Sources */,
				ECD7B8872A7ADAB600568841 /* ContentView.swift in Sources */,
				EC7FEE132A7C3FF000357576 /* motivation.swift in Sources */,
				ECD7B8852A7ADAB600568841 /* program_pursuitApp.swift in Sources */,
				EC7FEE112A7C3EBB00357576 /* signUp.swift in Sources */,
				BD650E0D2A7B1E5100F7C9C5 /* Programs.swift in Sources */,
				EC7FEE0D2A7C3E7200357576 /* logIn.swift in Sources */,
				BD57FEB92A7B300300E4C124 /* ScienceAmbassador.swift in Sources */,
				ECD7B8912A7ADAB700568841 /* program_pursuit.xcdatamodeld in Sources */,
				BD650E0B2A7B0DA300F7C9C5 /* Internships.swift in Sources */,
				BDD217C12A7B00EB0010DBD8 /* MainPage.swift in Sources */,
			);
			runOnlyForDeploymentPostprocessing = 0;
		};
/* End PBXSourcesBuildPhase section */

/* Begin XCBuildConfiguration section */
		ECD7B8922A7ADAB700568841 /* Debug */ = {
			isa = XCBuildConfiguration;
			buildSettings = {
				ALWAYS_SEARCH_USER_PATHS = NO;
				CLANG_ANALYZER_NONNULL = YES;
				CLANG_ANALYZER_NUMBER_OBJECT_CONVERSION = YES_AGGRESSIVE;
				CLANG_CXX_LANGUAGE_STANDARD = "gnu++20";
				CLANG_ENABLE_MODULES = YES;
				CLANG_ENABLE_OBJC_ARC = YES;
				CLANG_ENABLE_OBJC_WEAK = YES;
				CLANG_WARN_BLOCK_CAPTURE_AUTORELEASING = YES;
				CLANG_WARN_BOOL_CONVERSION = YES;
				CLANG_WARN_COMMA = YES;
				CLANG_WARN_CONSTANT_CONVERSION = YES;
				CLANG_WARN_DEPRECATED_OBJC_IMPLEMENTATIONS = YES;
				CLANG_WARN_DIRECT_OBJC_ISA_USAGE = YES_ERROR;
				CLANG_WARN_DOCUMENTATION_COMMENTS = YES;
				CLANG_WARN_EMPTY_BODY = YES;
				CLANG_WARN_ENUM_CONVERSION = YES;
				CLANG_WARN_INFINITE_RECURSION = YES;
				CLANG_WARN_INT_CONVERSION = YES;
				CLANG_WARN_NON_LITERAL_NULL_CONVERSION = YES;
				CLANG_WARN_OBJC_IMPLICIT_RETAIN_SELF = YES;
				CLANG_WARN_OBJC_LITERAL_CONVERSION = YES;
				CLANG_WARN_OBJC_ROOT_CLASS = YES_ERROR;
				CLANG_WARN_QUOTED_INCLUDE_IN_FRAMEWORK_HEADER = YES;
				CLANG_WARN_RANGE_LOOP_ANALYSIS = YES;
				CLANG_WARN_STRICT_PROTOTYPES = YES;
				CLANG_WARN_SUSPICIOUS_MOVE = YES;
				CLANG_WARN_UNGUARDED_AVAILABILITY = YES_AGGRESSIVE;
				CLANG_WARN_UNREACHABLE_CODE = YES;
				CLANG_WARN__DUPLICATE_METHOD_MATCH = YES;
				COPY_PHASE_STRIP = NO;
				DEBUG_INFORMATION_FORMAT = dwarf;
				ENABLE_STRICT_OBJC_MSGSEND = YES;
				ENABLE_TESTABILITY = YES;
				GCC_C_LANGUAGE_STANDARD = gnu11;
				GCC_DYNAMIC_NO_PIC = NO;
				GCC_NO_COMMON_BLOCKS = YES;
				GCC_OPTIMIZATION_LEVEL = 0;
				GCC_PREPROCESSOR_DEFINITIONS = (
					"DEBUG=1",
					"$(inherited)",
				);
				GCC_WARN_64_TO_32_BIT_CONVERSION = YES;
				GCC_WARN_ABOUT_RETURN_TYPE = YES_ERROR;
				GCC_WARN_UNDECLARED_SELECTOR = YES;
				GCC_WARN_UNINITIALIZED_AUTOS = YES_AGGRESSIVE;
				GCC_WARN_UNUSED_FUNCTION = YES;
				GCC_WARN_UNUSED_VARIABLE = YES;
				IPHONEOS_DEPLOYMENT_TARGET = 16.4;
				MTL_ENABLE_DEBUG_INFO = INCLUDE_SOURCE;
				MTL_FAST_MATH = YES;
				ONLY_ACTIVE_ARCH = YES;
				SDKROOT = iphoneos;
				SWIFT_ACTIVE_COMPILATION_CONDITIONS = DEBUG;
				SWIFT_OPTIMIZATION_LEVEL = "-Onone";
			};
			name = Debug;
		};
		ECD7B8932A7ADAB700568841 /* Release */ = {
			isa = XCBuildConfiguration;
			buildSettings = {
				ALWAYS_SEARCH_USER_PATHS = NO;
				CLANG_ANALYZER_NONNULL = YES;
				CLANG_ANALYZER_NUMBER_OBJECT_CONVERSION = YES_AGGRESSIVE;
				CLANG_CXX_LANGUAGE_STANDARD = "gnu++20";
				CLANG_ENABLE_MODULES = YES;
				CLANG_ENABLE_OBJC_ARC = YES;
				CLANG_ENABLE_OBJC_WEAK = YES;
				CLANG_WARN_BLOCK_CAPTURE_AUTORELEASING = YES;
				CLANG_WARN_BOOL_CONVERSION = YES;
				CLANG_WARN_COMMA = YES;
				CLANG_WARN_CONSTANT_CONVERSION = YES;
				CLANG_WARN_DEPRECATED_OBJC_IMPLEMENTATIONS = YES;
				CLANG_WARN_DIRECT_OBJC_ISA_USAGE = YES_ERROR;
				CLANG_WARN_DOCUMENTATION_COMMENTS = YES;
				CLANG_WARN_EMPTY_BODY = YES;
				CLANG_WARN_ENUM_CONVERSION = YES;
				CLANG_WARN_INFINITE_RECURSION = YES;
				CLANG_WARN_INT_CONVERSION = YES;
				CLANG_WARN_NON_LITERAL_NULL_CONVERSION = YES;
				CLANG_WARN_OBJC_IMPLICIT_RETAIN_SELF = YES;
				CLANG_WARN_OBJC_LITERAL_CONVERSION = YES;
				CLANG_WARN_OBJC_ROOT_CLASS = YES_ERROR;
				CLANG_WARN_QUOTED_INCLUDE_IN_FRAMEWORK_HEADER = YES;
				CLANG_WARN_RANGE_LOOP_ANALYSIS = YES;
				CLANG_WARN_STRICT_PROTOTYPES = YES;
				CLANG_WARN_SUSPICIOUS_MOVE = YES;
				CLANG_WARN_UNGUARDED_AVAILABILITY = YES_AGGRESSIVE;
				CLANG_WARN_UNREACHABLE_CODE = YES;
				CLANG_WARN__DUPLICATE_METHOD_MATCH = YES;
				COPY_PHASE_STRIP = NO;
				DEBUG_INFORMATION_FORMAT = "dwarf-with-dsym";
				ENABLE_NS_ASSERTIONS = NO;
				ENABLE_STRICT_OBJC_MSGSEND = YES;
				GCC_C_LANGUAGE_STANDARD = gnu11;
				GCC_NO_COMMON_BLOCKS = YES;
				GCC_WARN_64_TO_32_BIT_CONVERSION = YES;
				GCC_WARN_ABOUT_RETURN_TYPE = YES_ERROR;
				GCC_WARN_UNDECLARED_SELECTOR = YES;
				GCC_WARN_UNINITIALIZED_AUTOS = YES_AGGRESSIVE;
				GCC_WARN_UNUSED_FUNCTION = YES;
				GCC_WARN_UNUSED_VARIABLE = YES;
				IPHONEOS_DEPLOYMENT_TARGET = 16.4;
				MTL_ENABLE_DEBUG_INFO = NO;
				MTL_FAST_MATH = YES;
				SDKROOT = iphoneos;
				SWIFT_COMPILATION_MODE = wholemodule;
				SWIFT_OPTIMIZATION_LEVEL = "-O";
				VALIDATE_PRODUCT = YES;
			};
			name = Release;
		};
		ECD7B8952A7ADAB700568841 /* Debug */ = {
			isa = XCBuildConfiguration;
			buildSettings = {
				ASSETCATALOG_COMPILER_APPICON_NAME = AppIcon;
				ASSETCATALOG_COMPILER_GLOBAL_ACCENT_COLOR_NAME = AccentColor;
				CODE_SIGN_STYLE = Automatic;
				CURRENT_PROJECT_VERSION = 1;
				DEVELOPMENT_ASSET_PATHS = "\"program-pursuit/Preview Content\"";
				ENABLE_PREVIEWS = YES;
				GENERATE_INFOPLIST_FILE = YES;
				INFOPLIST_KEY_UIApplicationSceneManifest_Generation = YES;
				INFOPLIST_KEY_UIApplicationSupportsIndirectInputEvents = YES;
				INFOPLIST_KEY_UILaunchScreen_Generation = YES;
				INFOPLIST_KEY_UISupportedInterfaceOrientations_iPad = "UIInterfaceOrientationPortrait UIInterfaceOrientationPortraitUpsideDown UIInterfaceOrientationLandscapeLeft UIInterfaceOrientationLandscapeRight";
				INFOPLIST_KEY_UISupportedInterfaceOrientations_iPhone = "UIInterfaceOrientationPortrait UIInterfaceOrientationLandscapeLeft UIInterfaceOrientationLandscapeRight";
				LD_RUNPATH_SEARCH_PATHS = (
					"$(inherited)",
					"@executable_path/Frameworks",
				);
				MARKETING_VERSION = 1.0;
				PRODUCT_BUNDLE_IDENTIFIER = "KWK.program-pursuit";
				PRODUCT_NAME = "$(TARGET_NAME)";
				SWIFT_EMIT_LOC_STRINGS = YES;
				SWIFT_VERSION = 5.0;
				TARGETED_DEVICE_FAMILY = "1,2";
			};
			name = Debug;
		};
		ECD7B8962A7ADAB700568841 /* Release */ = {
			isa = XCBuildConfiguration;
			buildSettings = {
				ASSETCATALOG_COMPILER_APPICON_NAME = AppIcon;
				ASSETCATALOG_COMPILER_GLOBAL_ACCENT_COLOR_NAME = AccentColor;
				CODE_SIGN_STYLE = Automatic;
				CURRENT_PROJECT_VERSION = 1;
				DEVELOPMENT_ASSET_PATHS = "\"program-pursuit/Preview Content\"";
				ENABLE_PREVIEWS = YES;
				GENERATE_INFOPLIST_FILE = YES;
				INFOPLIST_KEY_UIApplicationSceneManifest_Generation = YES;
				INFOPLIST_KEY_UIApplicationSupportsIndirectInputEvents = YES;
				INFOPLIST_KEY_UILaunchScreen_Generation = YES;
				INFOPLIST_KEY_UISupportedInterfaceOrientations_iPad = "UIInterfaceOrientationPortrait UIInterfaceOrientationPortraitUpsideDown UIInterfaceOrientationLandscapeLeft UIInterfaceOrientationLandscapeRight";
				INFOPLIST_KEY_UISupportedInterfaceOrientations_iPhone = "UIInterfaceOrientationPortrait UIInterfaceOrientationLandscapeLeft UIInterfaceOrientationLandscapeRight";
				LD_RUNPATH_SEARCH_PATHS = (
					"$(inherited)",
					"@executable_path/Frameworks",
				);
				MARKETING_VERSION = 1.0;
				PRODUCT_BUNDLE_IDENTIFIER = "KWK.program-pursuit";
				PRODUCT_NAME = "$(TARGET_NAME)";
				SWIFT_EMIT_LOC_STRINGS = YES;
				SWIFT_VERSION = 5.0;
				TARGETED_DEVICE_FAMILY = "1,2";
			};
			name = Release;
		};
/* End XCBuildConfiguration section */

/* Begin XCConfigurationList section */
		ECD7B87C2A7ADAB600568841 /* Build configuration list for PBXProject "program-pursuit" */ = {
			isa = XCConfigurationList;
			buildConfigurations = (
				ECD7B8922A7ADAB700568841 /* Debug */,
				ECD7B8932A7ADAB700568841 /* Release */,
			);
			defaultConfigurationIsVisible = 0;
			defaultConfigurationName = Release;
		};
		ECD7B8942A7ADAB700568841 /* Build configuration list for PBXNativeTarget "program-pursuit" */ = {
			isa = XCConfigurationList;
			buildConfigurations = (
				ECD7B8952A7ADAB700568841 /* Debug */,
				ECD7B8962A7ADAB700568841 /* Release */,
			);
			defaultConfigurationIsVisible = 0;
			defaultConfigurationName = Release;
		};
/* End XCConfigurationList section */

/* Begin XCVersionGroup section */
		ECD7B88F2A7ADAB700568841 /* program_pursuit.xcdatamodeld */ = {
			isa = XCVersionGroup;
			children = (
				ECD7B8902A7ADAB700568841 /* program_pursuit.xcdatamodel */,
			);
			currentVersion = ECD7B8902A7ADAB700568841 /* program_pursuit.xcdatamodel */;
			path = program_pursuit.xcdatamodeld;
			sourceTree = "<group>";
			versionGroupType = wrapper.xcdatamodel;
		};
/* End XCVersionGroup section */
	};
	rootObject = ECD7B8792A7ADAB600568841 /* Project object */;
}
